// !$*UTF8*$!
{
	archiveVersion = 1;
	classes = {
	};
	objectVersion = 46;
	objects = {

/* Begin PBXBuildFile section */
		9C0C4C3D1CAA885400F8FEAA /* HerniPlan.swift in Sources */ = {isa = PBXBuildFile; fileRef = 9C0C4C3C1CAA885400F8FEAA /* HerniPlan.swift */; };
		9C6B36481CAAC551007E1ECD /* Balicek.swift in Sources */ = {isa = PBXBuildFile; fileRef = 9C6B36471CAAC551007E1ECD /* Balicek.swift */; };
		9CCA752A1CAD538C00C4D7AE /* Extensions.swift in Sources */ = {isa = PBXBuildFile; fileRef = 9CCA75291CAD538C00C4D7AE /* Extensions.swift */; };
		9CE258541CAB0E3B006204BF /* Pole.swift in Sources */ = {isa = PBXBuildFile; fileRef = 9CE258531CAB0E3B006204BF /* Pole.swift */; };
		9CE258561CAB0E6D006204BF /* Predmety.swift in Sources */ = {isa = PBXBuildFile; fileRef = 9CE258551CAB0E6D006204BF /* Predmety.swift */; };
		9CE258581CAB0E8E006204BF /* Dobrodruzstvi.swift in Sources */ = {isa = PBXBuildFile; fileRef = 9CE258571CAB0E8E006204BF /* Dobrodruzstvi.swift */; };
		9CE2585A1CAB0EAF006204BF /* Sfera.swift in Sources */ = {isa = PBXBuildFile; fileRef = 9CE258591CAB0EAF006204BF /* Sfera.swift */; };
		9CE2585C1CAB1B7E006204BF /* Schopnost.swift in Sources */ = {isa = PBXBuildFile; fileRef = 9CE2585B1CAB1B7E006204BF /* Schopnost.swift */; };
		9CE2585E1CAB1B96006204BF /* Hra.swift in Sources */ = {isa = PBXBuildFile; fileRef = 9CE2585D1CAB1B96006204BF /* Hra.swift */; };
		9CE258601CAB1BA5006204BF /* Hrac.swift in Sources */ = {isa = PBXBuildFile; fileRef = 9CE2585F1CAB1BA5006204BF /* Hrac.swift */; };
		9CE258621CAB1BB6006204BF /* Kostka.swift in Sources */ = {isa = PBXBuildFile; fileRef = 9CE258611CAB1BB6006204BF /* Kostka.swift */; };
		9CE492121CAA84AA0028D7A6 /* KartaNahody.swift in Sources */ = {isa = PBXBuildFile; fileRef = 9CE492111CAA84AA0028D7A6 /* KartaNahody.swift */; };
		9CE492141CAA84D70028D7A6 /* Postava.swift in Sources */ = {isa = PBXBuildFile; fileRef = 9CE492131CAA84D70028D7A6 /* Postava.swift */; };
		9CE492161CAA84ED0028D7A6 /* Cech.swift in Sources */ = {isa = PBXBuildFile; fileRef = 9CE492151CAA84ED0028D7A6 /* Cech.swift */; };
		9CF14A1A1CA957C80026675F /* main.swift in Sources */ = {isa = PBXBuildFile; fileRef = 9CF14A191CA957C80026675F /* main.swift */; };
/* End PBXBuildFile section */

/* Begin PBXCopyFilesBuildPhase section */
		9CF14A141CA957C80026675F /* CopyFiles */ = {
			isa = PBXCopyFilesBuildPhase;
			buildActionMask = 2147483647;
			dstPath = /usr/share/man/man1/;
			dstSubfolderSpec = 0;
			files = (
			);
			runOnlyForDeploymentPostprocessing = 1;
		};
/* End PBXCopyFilesBuildPhase section */

/* Begin PBXFileReference section */
		9C0C4C3C1CAA885400F8FEAA /* HerniPlan.swift */ = {isa = PBXFileReference; fileEncoding = 4; lastKnownFileType = sourcecode.swift; path = HerniPlan.swift; sourceTree = "<group>"; };
		9C6B36471CAAC551007E1ECD /* Balicek.swift */ = {isa = PBXFileReference; fileEncoding = 4; lastKnownFileType = sourcecode.swift; path = Balicek.swift; sourceTree = "<group>"; };
		9CCA75291CAD538C00C4D7AE /* Extensions.swift */ = {isa = PBXFileReference; fileEncoding = 4; lastKnownFileType = sourcecode.swift; path = Extensions.swift; sourceTree = "<group>"; };
		9CE258531CAB0E3B006204BF /* Pole.swift */ = {isa = PBXFileReference; fileEncoding = 4; lastKnownFileType = sourcecode.swift; path = Pole.swift; sourceTree = "<group>"; };
		9CE258551CAB0E6D006204BF /* Predmety.swift */ = {isa = PBXFileReference; fileEncoding = 4; lastKnownFileType = sourcecode.swift; path = Predmety.swift; sourceTree = "<group>"; };
		9CE258571CAB0E8E006204BF /* Dobrodruzstvi.swift */ = {isa = PBXFileReference; fileEncoding = 4; lastKnownFileType = sourcecode.swift; path = Dobrodruzstvi.swift; sourceTree = "<group>"; };
		9CE258591CAB0EAF006204BF /* Sfera.swift */ = {isa = PBXFileReference; fileEncoding = 4; lastKnownFileType = sourcecode.swift; path = Sfera.swift; sourceTree = "<group>"; };
		9CE2585B1CAB1B7E006204BF /* Schopnost.swift */ = {isa = PBXFileReference; fileEncoding = 4; lastKnownFileType = sourcecode.swift; path = Schopnost.swift; sourceTree = "<group>"; };
		9CE2585D1CAB1B96006204BF /* Hra.swift */ = {isa = PBXFileReference; fileEncoding = 4; lastKnownFileType = sourcecode.swift; path = Hra.swift; sourceTree = "<group>"; };
		9CE2585F1CAB1BA5006204BF /* Hrac.swift */ = {isa = PBXFileReference; fileEncoding = 4; lastKnownFileType = sourcecode.swift; path = Hrac.swift; sourceTree = "<group>"; };
		9CE258611CAB1BB6006204BF /* Kostka.swift */ = {isa = PBXFileReference; fileEncoding = 4; lastKnownFileType = sourcecode.swift; path = Kostka.swift; sourceTree = "<group>"; };
		9CE492111CAA84AA0028D7A6 /* KartaNahody.swift */ = {isa = PBXFileReference; fileEncoding = 4; lastKnownFileType = sourcecode.swift; path = KartaNahody.swift; sourceTree = "<group>"; };
		9CE492131CAA84D70028D7A6 /* Postava.swift */ = {isa = PBXFileReference; fileEncoding = 4; lastKnownFileType = sourcecode.swift; path = Postava.swift; sourceTree = "<group>"; };
		9CE492151CAA84ED0028D7A6 /* Cech.swift */ = {isa = PBXFileReference; fileEncoding = 4; lastKnownFileType = sourcecode.swift; path = Cech.swift; sourceTree = "<group>"; };
		9CF14A161CA957C80026675F /* Proroctvi */ = {isa = PBXFileReference; explicitFileType = "compiled.mach-o.executable"; includeInIndex = 0; path = Proroctvi; sourceTree = BUILT_PRODUCTS_DIR; };
		9CF14A191CA957C80026675F /* main.swift */ = {isa = PBXFileReference; lastKnownFileType = sourcecode.swift; path = main.swift; sourceTree = "<group>"; };
/* End PBXFileReference section */

/* Begin PBXFrameworksBuildPhase section */
		9CF14A131CA957C80026675F /* Frameworks */ = {
			isa = PBXFrameworksBuildPhase;
			buildActionMask = 2147483647;
			files = (
			);
			runOnlyForDeploymentPostprocessing = 0;
		};
/* End PBXFrameworksBuildPhase section */

/* Begin PBXGroup section */
		9CF14A0D1CA957C80026675F = {
			isa = PBXGroup;
			children = (
				9CF14A181CA957C80026675F /* Proroctvi */,
				9CF14A171CA957C80026675F /* Products */,
			);
			sourceTree = "<group>";
		};
		9CF14A171CA957C80026675F /* Products */ = {
			isa = PBXGroup;
			children = (
				9CF14A161CA957C80026675F /* Proroctvi */,
			);
			name = Products;
			sourceTree = "<group>";
		};
		9CF14A181CA957C80026675F /* Proroctvi */ = {
			isa = PBXGroup;
			children = (
				9CF14A191CA957C80026675F /* main.swift */,
				9CE258611CAB1BB6006204BF /* Kostka.swift */,
				9CE2585F1CAB1BA5006204BF /* Hrac.swift */,
				9CE2585D1CAB1B96006204BF /* Hra.swift */,
				9CE2585B1CAB1B7E006204BF /* Schopnost.swift */,
				9CE258591CAB0EAF006204BF /* Sfera.swift */,
				9CE258571CAB0E8E006204BF /* Dobrodruzstvi.swift */,
				9CE258551CAB0E6D006204BF /* Predmety.swift */,
				9CE258531CAB0E3B006204BF /* Pole.swift */,
				9C6B36471CAAC551007E1ECD /* Balicek.swift */,
				9CE492151CAA84ED0028D7A6 /* Cech.swift */,
				9CE492131CAA84D70028D7A6 /* Postava.swift */,
				9C0C4C3C1CAA885400F8FEAA /* HerniPlan.swift */,
				9CE492111CAA84AA0028D7A6 /* KartaNahody.swift */,
				9CCA75291CAD538C00C4D7AE /* Extensions.swift */,
			);
			path = Proroctvi;
			sourceTree = "<group>";
		};
/* End PBXGroup section */

/* Begin PBXNativeTarget section */
		9CF14A151CA957C80026675F /* Proroctvi */ = {
			isa = PBXNativeTarget;
			buildConfigurationList = 9CF14A1D1CA957C80026675F /* Build configuration list for PBXNativeTarget "Proroctvi" */;
			buildPhases = (
				9CF14A121CA957C80026675F /* Sources */,
				9CF14A131CA957C80026675F /* Frameworks */,
				9CF14A141CA957C80026675F /* CopyFiles */,
			);
			buildRules = (
			);
			dependencies = (
			);
			name = Proroctvi;
			productName = Proroctvi;
			productReference = 9CF14A161CA957C80026675F /* Proroctvi */;
			productType = "com.apple.product-type.tool";
		};
/* End PBXNativeTarget section */

/* Begin PBXProject section */
		9CF14A0E1CA957C80026675F /* Project object */ = {
			isa = PBXProject;
			attributes = {
				LastSwiftUpdateCheck = 0730;
				LastUpgradeCheck = 0730;
				ORGANIZATIONNAME = "Jan Hermann";
				TargetAttributes = {
					9CF14A151CA957C80026675F = {
						CreatedOnToolsVersion = 7.3;
					};
				};
			};
			buildConfigurationList = 9CF14A111CA957C80026675F /* Build configuration list for PBXProject "Proroctvi" */;
			compatibilityVersion = "Xcode 3.2";
			developmentRegion = English;
			hasScannedForEncodings = 0;
			knownRegions = (
				en,
			);
			mainGroup = 9CF14A0D1CA957C80026675F;
			productRefGroup = 9CF14A171CA957C80026675F /* Products */;
			projectDirPath = "";
			projectRoot = "";
			targets = (
				9CF14A151CA957C80026675F /* Proroctvi */,
			);
		};
/* End PBXProject section */

/* Begin PBXSourcesBuildPhase section */
		9CF14A121CA957C80026675F /* Sources */ = {
			isa = PBXSourcesBuildPhase;
			buildActionMask = 2147483647;
			files = (
				9C0C4C3D1CAA885400F8FEAA /* HerniPlan.swift in Sources */,
				9CE258561CAB0E6D006204BF /* Predmety.swift in Sources */,
				9C6B36481CAAC551007E1ECD /* Balicek.swift in Sources */,
				9CE2585A1CAB0EAF006204BF /* Sfera.swift in Sources */,
				9CE492141CAA84D70028D7A6 /* Postava.swift in Sources */,
				9CE492161CAA84ED0028D7A6 /* Cech.swift in Sources */,
				9CE2585C1CAB1B7E006204BF /* Schopnost.swift in Sources */,
				9CE258541CAB0E3B006204BF /* Pole.swift in Sources */,
				9CE258601CAB1BA5006204BF /* Hrac.swift in Sources */,
				9CF14A1A1CA957C80026675F /* main.swift in Sources */,
				9CE258621CAB1BB6006204BF /* Kostka.swift in Sources */,
				9CE492121CAA84AA0028D7A6 /* KartaNahody.swift in Sources */,
				9CE2585E1CAB1B96006204BF /* Hra.swift in Sources */,
				9CCA752A1CAD538C00C4D7AE /* Extensions.swift in Sources */,
				9CE258581CAB0E8E006204BF /* Dobrodruzstvi.swift in Sources */,
			);
			runOnlyForDeploymentPostprocessing = 0;
		};
/* End PBXSourcesBuildPhase section */

/* Begin XCBuildConfiguration section */
		9CF14A1B1CA957C80026675F /* Debug */ = {
			isa = XCBuildConfiguration;
			buildSettings = {
				ALWAYS_SEARCH_USER_PATHS = NO;
				CLANG_ANALYZER_NONNULL = YES;
				CLANG_CXX_LANGUAGE_STANDARD = "gnu++0x";
				CLANG_CXX_LIBRARY = "libc++";
				CLANG_ENABLE_MODULES = YES;
				CLANG_ENABLE_OBJC_ARC = YES;
				CLANG_WARN_BOOL_CONVERSION = YES;
				CLANG_WARN_CONSTANT_CONVERSION = YES;
				CLANG_WARN_DIRECT_OBJC_ISA_USAGE = YES_ERROR;
				CLANG_WARN_EMPTY_BODY = YES;
				CLANG_WARN_ENUM_CONVERSION = YES;
				CLANG_WARN_INT_CONVERSION = YES;
				CLANG_WARN_OBJC_ROOT_CLASS = YES_ERROR;
				CLANG_WARN_UNREACHABLE_CODE = YES;
				CLANG_WARN__DUPLICATE_METHOD_MATCH = YES;
				CODE_SIGN_IDENTITY = "-";
				COPY_PHASE_STRIP = NO;
				DEBUG_INFORMATION_FORMAT = dwarf;
				ENABLE_STRICT_OBJC_MSGSEND = YES;
				ENABLE_TESTABILITY = YES;
				GCC_C_LANGUAGE_STANDARD = gnu99;
				GCC_DYNAMIC_NO_PIC = NO;
				GCC_NO_COMMON_BLOCKS = YES;
				GCC_OPTIMIZATION_LEVEL = 0;
				GCC_PREPROCESSOR_DEFINITIONS = (
					"DEBUG=1",
					"$(inherited)",
				);
				GCC_WARN_64_TO_32_BIT_CONVERSION = YES;
				GCC_WARN_ABOUT_RETURN_TYPE = YES_ERROR;
				GCC_WARN_UNDECLARED_SELECTOR = YES;
				GCC_WARN_UNINITIALIZED_AUTOS = YES_AGGRESSIVE;
				GCC_WARN_UNUSED_FUNCTION = YES;
				GCC_WARN_UNUSED_VARIABLE = YES;
				MACOSX_DEPLOYMENT_TARGET = 10.11;
				MTL_ENABLE_DEBUG_INFO = YES;
				ONLY_ACTIVE_ARCH = YES;
				SDKROOT = macosx;
				SWIFT_OPTIMIZATION_LEVEL = "-Onone";
			};
			name = Debug;
		};
		9CF14A1C1CA957C80026675F /* Release */ = {
			isa = XCBuildConfiguration;
			buildSettings = {
				ALWAYS_SEARCH_USER_PATHS = NO;
				CLANG_ANALYZER_NONNULL = YES;
				CLANG_CXX_LANGUAGE_STANDARD = "gnu++0x";
				CLANG_CXX_LIBRARY = "libc++";
				CLANG_ENABLE_MODULES = YES;
				CLANG_ENABLE_OBJC_ARC = YES;
				CLANG_WARN_BOOL_CONVERSION = YES;
				CLANG_WARN_CONSTANT_CONVERSION = YES;
				CLANG_WARN_DIRECT_OBJC_ISA_USAGE = YES_ERROR;
				CLANG_WARN_EMPTY_BODY = YES;
				CLANG_WARN_ENUM_CONVERSION = YES;
				CLANG_WARN_INT_CONVERSION = YES;
				CLANG_WARN_OBJC_ROOT_CLASS = YES_ERROR;
				CLANG_WARN_UNREACHABLE_CODE = YES;
				CLANG_WARN__DUPLICATE_METHOD_MATCH = YES;
				CODE_SIGN_IDENTITY = "-";
				COPY_PHASE_STRIP = NO;
				DEBUG_INFORMATION_FORMAT = "dwarf-with-dsym";
				ENABLE_NS_ASSERTIONS = NO;
				ENABLE_STRICT_OBJC_MSGSEND = YES;
				GCC_C_LANGUAGE_STANDARD = gnu99;
				GCC_NO_COMMON_BLOCKS = YES;
				GCC_WARN_64_TO_32_BIT_CONVERSION = YES;
				GCC_WARN_ABOUT_RETURN_TYPE = YES_ERROR;
				GCC_WARN_UNDECLARED_SELECTOR = YES;
				GCC_WARN_UNINITIALIZED_AUTOS = YES_AGGRESSIVE;
				GCC_WARN_UNUSED_FUNCTION = YES;
				GCC_WARN_UNUSED_VARIABLE = YES;
				MACOSX_DEPLOYMENT_TARGET = 10.11;
				MTL_ENABLE_DEBUG_INFO = NO;
				SDKROOT = macosx;
			};
			name = Release;
		};
		9CF14A1E1CA957C80026675F /* Debug */ = {
			isa = XCBuildConfiguration;
			buildSettings = {
				PRODUCT_NAME = "$(TARGET_NAME)";
			};
			name = Debug;
		};
		9CF14A1F1CA957C80026675F /* Release */ = {
			isa = XCBuildConfiguration;
			buildSettings = {
				PRODUCT_NAME = "$(TARGET_NAME)";
			};
			name = Release;
		};
/* End XCBuildConfiguration section */

/* Begin XCConfigurationList section */
		9CF14A111CA957C80026675F /* Build configuration list for PBXProject "Proroctvi" */ = {
			isa = XCConfigurationList;
			buildConfigurations = (
				9CF14A1B1CA957C80026675F /* Debug */,
				9CF14A1C1CA957C80026675F /* Release */,
			);
			defaultConfigurationIsVisible = 0;
			defaultConfigurationName = Release;
		};
		9CF14A1D1CA957C80026675F /* Build configuration list for PBXNativeTarget "Proroctvi" */ = {
			isa = XCConfigurationList;
			buildConfigurations = (
				9CF14A1E1CA957C80026675F /* Debug */,
				9CF14A1F1CA957C80026675F /* Release */,
			);
			defaultConfigurationIsVisible = 0;
			defaultConfigurationName = Release;
		};
/* End XCConfigurationList section */
	};
	rootObject = 9CF14A0E1CA957C80026675F /* Project object */;
}
